// !$*UTF8*$!
{
	archiveVersion = 1;
	classes = {
	};
	objectVersion = 46;
	objects = {

/* Begin PBXBuildFile section */
		504A52F91A74A2930062D158 /* BoardViewController.swift in Sources */ = {isa = PBXBuildFile; fileRef = 504A52F81A74A2930062D158 /* BoardViewController.swift */; };
		504A530C1A758E630062D158 /* Recorder.swift in Sources */ = {isa = PBXBuildFile; fileRef = 504A530B1A758E630062D158 /* Recorder.swift */; };
		505A2E131A74624D0008F8B6 /* Button.swift in Sources */ = {isa = PBXBuildFile; fileRef = 505A2E121A74624D0008F8B6 /* Button.swift */; };
		50F727421A735474006D672B /* AppDelegate.swift in Sources */ = {isa = PBXBuildFile; fileRef = 50F727411A735474006D672B /* AppDelegate.swift */; };
		50F727471A735474006D672B /* Main.storyboard in Resources */ = {isa = PBXBuildFile; fileRef = 50F727451A735474006D672B /* Main.storyboard */; };
		50F727491A735474006D672B /* Images.xcassets in Resources */ = {isa = PBXBuildFile; fileRef = 50F727481A735474006D672B /* Images.xcassets */; };
		50F7274C1A735474006D672B /* LaunchScreen.xib in Resources */ = {isa = PBXBuildFile; fileRef = 50F7274A1A735474006D672B /* LaunchScreen.xib */; };
		50F727581A735474006D672B /* DoppleTests.swift in Sources */ = {isa = PBXBuildFile; fileRef = 50F727571A735474006D672B /* DoppleTests.swift */; };
		50F727641A7366FE006D672B /* Player.swift in Sources */ = {isa = PBXBuildFile; fileRef = 50F727631A7366FE006D672B /* Player.swift */; };
		50F7276A1A736F16006D672B /* AVFoundation.framework in Frameworks */ = {isa = PBXBuildFile; fileRef = 50F727691A736F16006D672B /* AVFoundation.framework */; };
		50F727771A737603006D672B /* Publinks.framework in Frameworks */ = {isa = PBXBuildFile; fileRef = 50F727721A7375ED006D672B /* Publinks.framework */; };
		50F727791A737603006D672B /* Publinks.framework in Embed Frameworks */ = {isa = PBXBuildFile; fileRef = 50F727721A7375ED006D672B /* Publinks.framework */; settings = {ATTRIBUTES = (CodeSignOnCopy, RemoveHeadersOnCopy, ); }; };
		50F727991A7381E1006D672B /* Pipeline.framework in Frameworks */ = {isa = PBXBuildFile; fileRef = 50F727961A7381D7006D672B /* Pipeline.framework */; };
		50F7279A1A7381E1006D672B /* Pipeline.framework in Embed Frameworks */ = {isa = PBXBuildFile; fileRef = 50F727961A7381D7006D672B /* Pipeline.framework */; settings = {ATTRIBUTES = (CodeSignOnCopy, RemoveHeadersOnCopy, ); }; };
/* End PBXBuildFile section */

/* Begin PBXContainerItemProxy section */
		50F727521A735474006D672B /* PBXContainerItemProxy */ = {
			isa = PBXContainerItemProxy;
			containerPortal = 50F727341A735474006D672B /* Project object */;
			proxyType = 1;
			remoteGlobalIDString = 50F7273B1A735474006D672B;
			remoteInfo = Dopple;
		};
		50F727711A7375ED006D672B /* PBXContainerItemProxy */ = {
			isa = PBXContainerItemProxy;
			containerPortal = 50F7276B1A7375ED006D672B /* Publinks.xcodeproj */;
			proxyType = 2;
			remoteGlobalIDString = 503E1AE61A3E8B8F00A47372;
			remoteInfo = Publinks;
		};
		50F727731A7375ED006D672B /* PBXContainerItemProxy */ = {
			isa = PBXContainerItemProxy;
			containerPortal = 50F7276B1A7375ED006D672B /* Publinks.xcodeproj */;
			proxyType = 2;
			remoteGlobalIDString = 503E1AF11A3E8B8F00A47372;
			remoteInfo = PublinksTests;
		};
		50F727751A7375ED006D672B /* PBXContainerItemProxy */ = {
			isa = PBXContainerItemProxy;
			containerPortal = 50F7276B1A7375ED006D672B /* Publinks.xcodeproj */;
			proxyType = 2;
			remoteGlobalIDString = 503E1B331A3EA08D00A47372;
			remoteInfo = "Publinks-Example";
		};
		50F7277A1A737603006D672B /* PBXContainerItemProxy */ = {
			isa = PBXContainerItemProxy;
			containerPortal = 50F7276B1A7375ED006D672B /* Publinks.xcodeproj */;
			proxyType = 1;
			remoteGlobalIDString = 503E1AE51A3E8B8F00A47372;
			remoteInfo = Publinks;
		};
		50F727951A7381D7006D672B /* PBXContainerItemProxy */ = {
			isa = PBXContainerItemProxy;
			containerPortal = 50F727901A7381D7006D672B /* Pipeline.xcodeproj */;
			proxyType = 2;
			remoteGlobalIDString = 5003078A1A51295600568667;
			remoteInfo = Pipeline;
		};
		50F727971A7381D7006D672B /* PBXContainerItemProxy */ = {
			isa = PBXContainerItemProxy;
			containerPortal = 50F727901A7381D7006D672B /* Pipeline.xcodeproj */;
			proxyType = 2;
			remoteGlobalIDString = 500307951A51295600568667;
			remoteInfo = PipelineTests;
		};
		50F7279B1A7381E1006D672B /* PBXContainerItemProxy */ = {
			isa = PBXContainerItemProxy;
			containerPortal = 50F727901A7381D7006D672B /* Pipeline.xcodeproj */;
			proxyType = 1;
			remoteGlobalIDString = 500307891A51295600568667;
			remoteInfo = Pipeline;
		};
/* End PBXContainerItemProxy section */

/* Begin PBXCopyFilesBuildPhase section */
		50F727781A737603006D672B /* Embed Frameworks */ = {
			isa = PBXCopyFilesBuildPhase;
			buildActionMask = 2147483647;
			dstPath = "";
			dstSubfolderSpec = 10;
			files = (
				50F7279A1A7381E1006D672B /* Pipeline.framework in Embed Frameworks */,
				50F727791A737603006D672B /* Publinks.framework in Embed Frameworks */,
			);
			name = "Embed Frameworks";
			runOnlyForDeploymentPostprocessing = 0;
		};
/* End PBXCopyFilesBuildPhase section */

/* Begin PBXFileReference section */
		504A52F81A74A2930062D158 /* BoardViewController.swift */ = {isa = PBXFileReference; fileEncoding = 4; lastKnownFileType = sourcecode.swift; path = BoardViewController.swift; sourceTree = "<group>"; };
		504A530B1A758E630062D158 /* Recorder.swift */ = {isa = PBXFileReference; fileEncoding = 4; lastKnownFileType = sourcecode.swift; path = Recorder.swift; sourceTree = "<group>"; };
		505A2E121A74624D0008F8B6 /* Button.swift */ = {isa = PBXFileReference; fileEncoding = 4; lastKnownFileType = sourcecode.swift; path = Button.swift; sourceTree = "<group>"; };
		50F7273C1A735474006D672B /* Dopple.app */ = {isa = PBXFileReference; explicitFileType = wrapper.application; includeInIndex = 0; path = Dopple.app; sourceTree = BUILT_PRODUCTS_DIR; };
		50F727401A735474006D672B /* Info.plist */ = {isa = PBXFileReference; lastKnownFileType = text.plist.xml; path = Info.plist; sourceTree = "<group>"; };
		50F727411A735474006D672B /* AppDelegate.swift */ = {isa = PBXFileReference; lastKnownFileType = sourcecode.swift; path = AppDelegate.swift; sourceTree = "<group>"; };
		50F727461A735474006D672B /* Base */ = {isa = PBXFileReference; lastKnownFileType = file.storyboard; name = Base; path = Base.lproj/Main.storyboard; sourceTree = "<group>"; };
		50F727481A735474006D672B /* Images.xcassets */ = {isa = PBXFileReference; lastKnownFileType = folder.assetcatalog; path = Images.xcassets; sourceTree = "<group>"; };
		50F7274B1A735474006D672B /* Base */ = {isa = PBXFileReference; lastKnownFileType = file.xib; name = Base; path = Base.lproj/LaunchScreen.xib; sourceTree = "<group>"; };
		50F727511A735474006D672B /* DoppleTests.xctest */ = {isa = PBXFileReference; explicitFileType = wrapper.cfbundle; includeInIndex = 0; path = DoppleTests.xctest; sourceTree = BUILT_PRODUCTS_DIR; };
		50F727561A735474006D672B /* Info.plist */ = {isa = PBXFileReference; lastKnownFileType = text.plist.xml; path = Info.plist; sourceTree = "<group>"; };
		50F727571A735474006D672B /* DoppleTests.swift */ = {isa = PBXFileReference; lastKnownFileType = sourcecode.swift; path = DoppleTests.swift; sourceTree = "<group>"; };
		50F727631A7366FE006D672B /* Player.swift */ = {isa = PBXFileReference; fileEncoding = 4; lastKnownFileType = sourcecode.swift; path = Player.swift; sourceTree = "<group>"; };
		50F727691A736F16006D672B /* AVFoundation.framework */ = {isa = PBXFileReference; lastKnownFileType = wrapper.framework; name = AVFoundation.framework; path = System/Library/Frameworks/AVFoundation.framework; sourceTree = SDKROOT; };
		50F7276B1A7375ED006D672B /* Publinks.xcodeproj */ = {isa = PBXFileReference; lastKnownFileType = "wrapper.pb-project"; name = Publinks.xcodeproj; path = Publinks/Publinks.xcodeproj; sourceTree = "<group>"; };
		50F727901A7381D7006D672B /* Pipeline.xcodeproj */ = {isa = PBXFileReference; lastKnownFileType = "wrapper.pb-project"; name = Pipeline.xcodeproj; path = Publinks/../Pipeline/Pipeline.xcodeproj; sourceTree = "<group>"; };
/* End PBXFileReference section */

/* Begin PBXFrameworksBuildPhase section */
		50F727391A735474006D672B /* Frameworks */ = {
			isa = PBXFrameworksBuildPhase;
			buildActionMask = 2147483647;
			files = (
				50F7276A1A736F16006D672B /* AVFoundation.framework in Frameworks */,
				50F727771A737603006D672B /* Publinks.framework in Frameworks */,
				50F727991A7381E1006D672B /* Pipeline.framework in Frameworks */,
			);
			runOnlyForDeploymentPostprocessing = 0;
		};
		50F7274E1A735474006D672B /* Frameworks */ = {
			isa = PBXFrameworksBuildPhase;
			buildActionMask = 2147483647;
			files = (
			);
			runOnlyForDeploymentPostprocessing = 0;
		};
/* End PBXFrameworksBuildPhase section */

/* Begin PBXGroup section */
		504A53101A758F420062D158 /* Audio */ = {
			isa = PBXGroup;
			children = (
				504A530B1A758E630062D158 /* Recorder.swift */,
				50F727631A7366FE006D672B /* Player.swift */,
			);
			name = Audio;
			sourceTree = "<group>";
		};
		504A53111A758F480062D158 /* View Controllers */ = {
			isa = PBXGroup;
			children = (
				504A52F81A74A2930062D158 /* BoardViewController.swift */,
			);
			name = "View Controllers";
			sourceTree = "<group>";
		};
		504A53121A758F4E0062D158 /* Reusable Views */ = {
			isa = PBXGroup;
			children = (
				505A2E121A74624D0008F8B6 /* Button.swift */,
			);
			name = "Reusable Views";
			sourceTree = "<group>";
		};
		50F727331A735474006D672B = {
			isa = PBXGroup;
			children = (
				50F727691A736F16006D672B /* AVFoundation.framework */,
				50F7273E1A735474006D672B /* Dopple */,
				50F727541A735474006D672B /* DoppleTests */,
				50F7273D1A735474006D672B /* Products */,
				50F7276B1A7375ED006D672B /* Publinks.xcodeproj */,
				50F727901A7381D7006D672B /* Pipeline.xcodeproj */,
			);
			sourceTree = "<group>";
		};
		50F7273D1A735474006D672B /* Products */ = {
			isa = PBXGroup;
			children = (
				50F7273C1A735474006D672B /* Dopple.app */,
				50F727511A735474006D672B /* DoppleTests.xctest */,
			);
			name = Products;
			sourceTree = "<group>";
		};
		50F7273E1A735474006D672B /* Dopple */ = {
			isa = PBXGroup;
			children = (
				50F727411A735474006D672B /* AppDelegate.swift */,
				504A53121A758F4E0062D158 /* Reusable Views */,
				504A53111A758F480062D158 /* View Controllers */,
				504A53101A758F420062D158 /* Audio */,
				50F727451A735474006D672B /* Main.storyboard */,
				50F727481A735474006D672B /* Images.xcassets */,
				50F7274A1A735474006D672B /* LaunchScreen.xib */,
				50F7273F1A735474006D672B /* Supporting Files */,
			);
			path = Dopple;
			sourceTree = "<group>";
		};
		50F7273F1A735474006D672B /* Supporting Files */ = {
			isa = PBXGroup;
			children = (
				50F727401A735474006D672B /* Info.plist */,
			);
			name = "Supporting Files";
			sourceTree = "<group>";
		};
		50F727541A735474006D672B /* DoppleTests */ = {
			isa = PBXGroup;
			children = (
				50F727571A735474006D672B /* DoppleTests.swift */,
				50F727551A735474006D672B /* Supporting Files */,
			);
			path = DoppleTests;
			sourceTree = "<group>";
		};
		50F727551A735474006D672B /* Supporting Files */ = {
			isa = PBXGroup;
			children = (
				50F727561A735474006D672B /* Info.plist */,
			);
			name = "Supporting Files";
			sourceTree = "<group>";
		};
		50F7276C1A7375ED006D672B /* Products */ = {
			isa = PBXGroup;
			children = (
				50F727721A7375ED006D672B /* Publinks.framework */,
				50F727741A7375ED006D672B /* PublinksTests.xctest */,
				50F727761A7375ED006D672B /* Publinks-Example.app */,
			);
			name = Products;
			sourceTree = "<group>";
		};
		50F727911A7381D7006D672B /* Products */ = {
			isa = PBXGroup;
			children = (
				50F727961A7381D7006D672B /* Pipeline.framework */,
				50F727981A7381D7006D672B /* PipelineTests.xctest */,
			);
			name = Products;
			sourceTree = "<group>";
		};
/* End PBXGroup section */

/* Begin PBXNativeTarget section */
		50F7273B1A735474006D672B /* Dopple */ = {
			isa = PBXNativeTarget;
			buildConfigurationList = 50F7275B1A735474006D672B /* Build configuration list for PBXNativeTarget "Dopple" */;
			buildPhases = (
				50F727381A735474006D672B /* Sources */,
				50F727391A735474006D672B /* Frameworks */,
				50F7273A1A735474006D672B /* Resources */,
				50F727781A737603006D672B /* Embed Frameworks */,
			);
			buildRules = (
			);
			dependencies = (
				50F7277B1A737603006D672B /* PBXTargetDependency */,
				50F7279C1A7381E1006D672B /* PBXTargetDependency */,
			);
			name = Dopple;
			productName = Dopple;
			productReference = 50F7273C1A735474006D672B /* Dopple.app */;
			productType = "com.apple.product-type.application";
		};
		50F727501A735474006D672B /* DoppleTests */ = {
			isa = PBXNativeTarget;
			buildConfigurationList = 50F7275E1A735474006D672B /* Build configuration list for PBXNativeTarget "DoppleTests" */;
			buildPhases = (
				50F7274D1A735474006D672B /* Sources */,
				50F7274E1A735474006D672B /* Frameworks */,
				50F7274F1A735474006D672B /* Resources */,
			);
			buildRules = (
			);
			dependencies = (
				50F727531A735474006D672B /* PBXTargetDependency */,
			);
			name = DoppleTests;
			productName = DoppleTests;
			productReference = 50F727511A735474006D672B /* DoppleTests.xctest */;
			productType = "com.apple.product-type.bundle.unit-test";
		};
/* End PBXNativeTarget section */

/* Begin PBXProject section */
		50F727341A735474006D672B /* Project object */ = {
			isa = PBXProject;
			attributes = {
				LastUpgradeCheck = 0610;
				ORGANIZATIONNAME = "Giles Van Gruisen";
				TargetAttributes = {
					50F7273B1A735474006D672B = {
						CreatedOnToolsVersion = 6.1;
					};
					50F727501A735474006D672B = {
						CreatedOnToolsVersion = 6.1;
						TestTargetID = 50F7273B1A735474006D672B;
					};
				};
			};
			buildConfigurationList = 50F727371A735474006D672B /* Build configuration list for PBXProject "Dopple" */;
			compatibilityVersion = "Xcode 3.2";
			developmentRegion = English;
			hasScannedForEncodings = 0;
			knownRegions = (
				en,
				Base,
			);
			mainGroup = 50F727331A735474006D672B;
			productRefGroup = 50F7273D1A735474006D672B /* Products */;
			projectDirPath = "";
			projectReferences = (
				{
					ProductGroup = 50F727911A7381D7006D672B /* Products */;
					ProjectRef = 50F727901A7381D7006D672B /* Pipeline.xcodeproj */;
				},
				{
					ProductGroup = 50F7276C1A7375ED006D672B /* Products */;
					ProjectRef = 50F7276B1A7375ED006D672B /* Publinks.xcodeproj */;
				},
			);
			projectRoot = "";
			targets = (
				50F7273B1A735474006D672B /* Dopple */,
				50F727501A735474006D672B /* DoppleTests */,
			);
		};
/* End PBXProject section */

/* Begin PBXReferenceProxy section */
		50F727721A7375ED006D672B /* Publinks.framework */ = {
			isa = PBXReferenceProxy;
			fileType = wrapper.framework;
			path = Publinks.framework;
			remoteRef = 50F727711A7375ED006D672B /* PBXContainerItemProxy */;
			sourceTree = BUILT_PRODUCTS_DIR;
		};
		50F727741A7375ED006D672B /* PublinksTests.xctest */ = {
			isa = PBXReferenceProxy;
			fileType = wrapper.cfbundle;
			path = PublinksTests.xctest;
			remoteRef = 50F727731A7375ED006D672B /* PBXContainerItemProxy */;
			sourceTree = BUILT_PRODUCTS_DIR;
		};
		50F727761A7375ED006D672B /* Publinks-Example.app */ = {
			isa = PBXReferenceProxy;
			fileType = wrapper.application;
			path = "Publinks-Example.app";
			remoteRef = 50F727751A7375ED006D672B /* PBXContainerItemProxy */;
			sourceTree = BUILT_PRODUCTS_DIR;
		};
		50F727961A7381D7006D672B /* Pipeline.framework */ = {
			isa = PBXReferenceProxy;
			fileType = wrapper.framework;
			path = Pipeline.framework;
			remoteRef = 50F727951A7381D7006D672B /* PBXContainerItemProxy */;
			sourceTree = BUILT_PRODUCTS_DIR;
		};
		50F727981A7381D7006D672B /* PipelineTests.xctest */ = {
			isa = PBXReferenceProxy;
			fileType = wrapper.cfbundle;
			path = PipelineTests.xctest;
			remoteRef = 50F727971A7381D7006D672B /* PBXContainerItemProxy */;
			sourceTree = BUILT_PRODUCTS_DIR;
		};
/* End PBXReferenceProxy section */

/* Begin PBXResourcesBuildPhase section */
		50F7273A1A735474006D672B /* Resources */ = {
			isa = PBXResourcesBuildPhase;
			buildActionMask = 2147483647;
			files = (
				50F727471A735474006D672B /* Main.storyboard in Resources */,
				50F7274C1A735474006D672B /* LaunchScreen.xib in Resources */,
				50F727491A735474006D672B /* Images.xcassets in Resources */,
			);
			runOnlyForDeploymentPostprocessing = 0;
		};
		50F7274F1A735474006D672B /* Resources */ = {
			isa = PBXResourcesBuildPhase;
			buildActionMask = 2147483647;
			files = (
			);
			runOnlyForDeploymentPostprocessing = 0;
		};
/* End PBXResourcesBuildPhase section */

/* Begin PBXSourcesBuildPhase section */
		50F727381A735474006D672B /* Sources */ = {
			isa = PBXSourcesBuildPhase;
			buildActionMask = 2147483647;
			files = (
				504A530C1A758E630062D158 /* Recorder.swift in Sources */,
				505A2E131A74624D0008F8B6 /* Button.swift in Sources */,
				50F727641A7366FE006D672B /* Player.swift in Sources */,
				50F727421A735474006D672B /* AppDelegate.swift in Sources */,
				504A52F91A74A2930062D158 /* BoardViewController.swift in Sources */,
			);
			runOnlyForDeploymentPostprocessing = 0;
		};
		50F7274D1A735474006D672B /* Sources */ = {
			isa = PBXSourcesBuildPhase;
			buildActionMask = 2147483647;
			files = (
				50F727581A735474006D672B /* DoppleTests.swift in Sources */,
			);
			runOnlyForDeploymentPostprocessing = 0;
		};
/* End PBXSourcesBuildPhase section */

/* Begin PBXTargetDependency section */
		50F727531A735474006D672B /* PBXTargetDependency */ = {
			isa = PBXTargetDependency;
			target = 50F7273B1A735474006D672B /* Dopple */;
			targetProxy = 50F727521A735474006D672B /* PBXContainerItemProxy */;
		};
		50F7277B1A737603006D672B /* PBXTargetDependency */ = {
			isa = PBXTargetDependency;
			name = Publinks;
			targetProxy = 50F7277A1A737603006D672B /* PBXContainerItemProxy */;
		};
		50F7279C1A7381E1006D672B /* PBXTargetDependency */ = {
			isa = PBXTargetDependency;
			name = Pipeline;
			targetProxy = 50F7279B1A7381E1006D672B /* PBXContainerItemProxy */;
		};
/* End PBXTargetDependency section */

/* Begin PBXVariantGroup section */
		50F727451A735474006D672B /* Main.storyboard */ = {
			isa = PBXVariantGroup;
			children = (
				50F727461A735474006D672B /* Base */,
			);
			name = Main.storyboard;
			sourceTree = "<group>";
		};
		50F7274A1A735474006D672B /* LaunchScreen.xib */ = {
			isa = PBXVariantGroup;
			children = (
				50F7274B1A735474006D672B /* Base */,
			);
			name = LaunchScreen.xib;
			sourceTree = "<group>";
		};
/* End PBXVariantGroup section */

/* Begin XCBuildConfiguration section */
		50F727591A735474006D672B /* Debug */ = {
			isa = XCBuildConfiguration;
			buildSettings = {
				ALWAYS_SEARCH_USER_PATHS = NO;
				CLANG_CXX_LANGUAGE_STANDARD = "gnu++0x";
				CLANG_CXX_LIBRARY = "libc++";
				CLANG_ENABLE_MODULES = YES;
				CLANG_ENABLE_OBJC_ARC = YES;
				CLANG_WARN_BOOL_CONVERSION = YES;
				CLANG_WARN_CONSTANT_CONVERSION = YES;
				CLANG_WARN_DIRECT_OBJC_ISA_USAGE = YES_ERROR;
				CLANG_WARN_EMPTY_BODY = YES;
				CLANG_WARN_ENUM_CONVERSION = YES;
				CLANG_WARN_INT_CONVERSION = YES;
				CLANG_WARN_OBJC_ROOT_CLASS = YES_ERROR;
				CLANG_WARN_UNREACHABLE_CODE = YES;
				CLANG_WARN__DUPLICATE_METHOD_MATCH = YES;
				"CODE_SIGN_IDENTITY[sdk=iphoneos*]" = "iPhone Developer";
				COPY_PHASE_STRIP = NO;
				ENABLE_STRICT_OBJC_MSGSEND = YES;
				GCC_C_LANGUAGE_STANDARD = gnu99;
				GCC_DYNAMIC_NO_PIC = NO;
				GCC_OPTIMIZATION_LEVEL = 0;
				GCC_PREPROCESSOR_DEFINITIONS = (
					"DEBUG=1",
					"$(inherited)",
				);
				GCC_SYMBOLS_PRIVATE_EXTERN = NO;
				GCC_WARN_64_TO_32_BIT_CONVERSION = YES;
				GCC_WARN_ABOUT_RETURN_TYPE = YES_ERROR;
				GCC_WARN_UNDECLARED_SELECTOR = YES;
				GCC_WARN_UNINITIALIZED_AUTOS = YES_AGGRESSIVE;
				GCC_WARN_UNUSED_FUNCTION = YES;
				GCC_WARN_UNUSED_VARIABLE = YES;
				IPHONEOS_DEPLOYMENT_TARGET = 8.1;
				MTL_ENABLE_DEBUG_INFO = YES;
				ONLY_ACTIVE_ARCH = YES;
				SDKROOT = iphoneos;
				SWIFT_OPTIMIZATION_LEVEL = "-Onone";
			};
			name = Debug;
		};
		50F7275A1A735474006D672B /* Release */ = {
			isa = XCBuildConfiguration;
			buildSettings = {
				ALWAYS_SEARCH_USER_PATHS = NO;
				CLANG_CXX_LANGUAGE_STANDARD = "gnu++0x";
				CLANG_CXX_LIBRARY = "libc++";
				CLANG_ENABLE_MODULES = YES;
				CLANG_ENABLE_OBJC_ARC = YES;
				CLANG_WARN_BOOL_CONVERSION = YES;
				CLANG_WARN_CONSTANT_CONVERSION = YES;
				CLANG_WARN_DIRECT_OBJC_ISA_USAGE = YES_ERROR;
				CLANG_WARN_EMPTY_BODY = YES;
				CLANG_WARN_ENUM_CONVERSION = YES;
				CLANG_WARN_INT_CONVERSION = YES;
				CLANG_WARN_OBJC_ROOT_CLASS = YES_ERROR;
				CLANG_WARN_UNREACHABLE_CODE = YES;
				CLANG_WARN__DUPLICATE_METHOD_MATCH = YES;
				"CODE_SIGN_IDENTITY[sdk=iphoneos*]" = "iPhone Developer";
				COPY_PHASE_STRIP = YES;
				ENABLE_NS_ASSERTIONS = NO;
				ENABLE_STRICT_OBJC_MSGSEND = YES;
				GCC_C_LANGUAGE_STANDARD = gnu99;
				GCC_WARN_64_TO_32_BIT_CONVERSION = YES;
				GCC_WARN_ABOUT_RETURN_TYPE = YES_ERROR;
				GCC_WARN_UNDECLARED_SELECTOR = YES;
				GCC_WARN_UNINITIALIZED_AUTOS = YES_AGGRESSIVE;
				GCC_WARN_UNUSED_FUNCTION = YES;
				GCC_WARN_UNUSED_VARIABLE = YES;
				IPHONEOS_DEPLOYMENT_TARGET = 8.1;
				MTL_ENABLE_DEBUG_INFO = NO;
				SDKROOT = iphoneos;
				VALIDATE_PRODUCT = YES;
			};
			name = Release;
		};
		50F7275C1A735474006D672B /* Debug */ = {
			isa = XCBuildConfiguration;
			buildSettings = {
				ASSETCATALOG_COMPILER_APPICON_NAME = AppIcon;
				EMBEDDED_CONTENT_CONTAINS_SWIFT = YES;
				INFOPLIST_FILE = Dopple/Info.plist;
				LD_RUNPATH_SEARCH_PATHS = "$(inherited) @executable_path/Frameworks";
				PRODUCT_NAME = "$(TARGET_NAME)";
			};
			name = Debug;
		};
		50F7275D1A735474006D672B /* Release */ = {
			isa = XCBuildConfiguration;
			buildSettings = {
				ASSETCATALOG_COMPILER_APPICON_NAME = AppIcon;
				EMBEDDED_CONTENT_CONTAINS_SWIFT = YES;
				INFOPLIST_FILE = Dopple/Info.plist;
				LD_RUNPATH_SEARCH_PATHS = "$(inherited) @executable_path/Frameworks";
				PRODUCT_NAME = "$(TARGET_NAME)";
			};
			name = Release;
		};
		50F7275F1A735474006D672B /* Debug */ = {
			isa = XCBuildConfiguration;
			buildSettings = {
				BUNDLE_LOADER = "$(TEST_HOST)";
				FRAMEWORK_SEARCH_PATHS = (
					"$(SDKROOT)/Developer/Library/Frameworks",
					"$(inherited)",
				);
				GCC_PREPROCESSOR_DEFINITIONS = (
					"DEBUG=1",
					"$(inherited)",
				);
				INFOPLIST_FILE = DoppleTests/Info.plist;
				LD_RUNPATH_SEARCH_PATHS = "$(inherited) @executable_path/Frameworks @loader_path/Frameworks";
				PRODUCT_NAME = "$(TARGET_NAME)";
				TEST_HOST = "$(BUILT_PRODUCTS_DIR)/Dopple.app/Dopple";
			};
			name = Debug;
		};
		50F727601A735474006D672B /* Release */ = {
			isa = XCBuildConfiguration;
			buildSettings = {
				BUNDLE_LOADER = "$(TEST_HOST)";
				FRAMEWORK_SEARCH_PATHS = (
					"$(SDKROOT)/Developer/Library/Frameworks",
					"$(inherited)",
				);
				INFOPLIST_FILE = DoppleTests/Info.plist;
				LD_RUNPATH_SEARCH_PATHS = "$(inherited) @executable_path/Frameworks @loader_path/Frameworks";
				PRODUCT_NAME = "$(TARGET_NAME)";
				TEST_HOST = "$(BUILT_PRODUCTS_DIR)/Dopple.app/Dopple";
			};
			name = Release;
		};
/* End XCBuildConfiguration section */

/* Begin XCConfigurationList section */
		50F727371A735474006D672B /* Build configuration list for PBXProject "Dopple" */ = {
			isa = XCConfigurationList;
			buildConfigurations = (
				50F727591A735474006D672B /* Debug */,
				50F7275A1A735474006D672B /* Release */,
			);
			defaultConfigurationIsVisible = 0;
			defaultConfigurationName = Release;
		};
		50F7275B1A735474006D672B /* Build configuration list for PBXNativeTarget "Dopple" */ = {
			isa = XCConfigurationList;
			buildConfigurations = (
				50F7275C1A735474006D672B /* Debug */,
				50F7275D1A735474006D672B /* Release */,
			);
			defaultConfigurationIsVisible = 0;
			defaultConfigurationName = Release;
		};
		50F7275E1A735474006D672B /* Build configuration list for PBXNativeTarget "DoppleTests" */ = {
			isa = XCConfigurationList;
			buildConfigurations = (
				50F7275F1A735474006D672B /* Debug */,
				50F727601A735474006D672B /* Release */,
			);
			defaultConfigurationIsVisible = 0;
			defaultConfigurationName = Release;
		};
/* End XCConfigurationList section */
	};
	rootObject = 50F727341A735474006D672B /* Project object */;
}
